// !$*UTF8*$!
{
	archiveVersion = 1;
	classes = {
	};
	objectVersion = 46;
	objects = {

/* Begin PBXBuildFile section */
		5608DC0A4FCE42B3A13F48E5 /* libPods.a in Frameworks */ = {isa = PBXBuildFile; fileRef = F8D5EA93A325EE160EA6E2A0 /* libPods.a */; };
		6C6877911B191B2F002481C0 /* CollegeModel.m in Sources */ = {isa = PBXBuildFile; fileRef = 6C6877901B191B2F002481C0 /* CollegeModel.m */; };
		6CFF29B61B19CF15005B1BC9 /* youmispot.a in Frameworks */ = {isa = PBXBuildFile; fileRef = 6CFF29B51B19CF15005B1BC9 /* youmispot.a */; };
		6CFF29B81B19CF50005B1BC9 /* StoreKit.framework in Frameworks */ = {isa = PBXBuildFile; fileRef = 6CFF29B71B19CF50005B1BC9 /* StoreKit.framework */; };
		6CFF29BA1B19CF59005B1BC9 /* Security.framework in Frameworks */ = {isa = PBXBuildFile; fileRef = 6CFF29B91B19CF59005B1BC9 /* Security.framework */; };
		6CFF29BC1B19CF62005B1BC9 /* CFNetwork.framework in Frameworks */ = {isa = PBXBuildFile; fileRef = 6CFF29BB1B19CF62005B1BC9 /* CFNetwork.framework */; };
		6CFF29BE1B19CF6B005B1BC9 /* SystemConfiguration.framework in Frameworks */ = {isa = PBXBuildFile; fileRef = 6CFF29BD1B19CF6B005B1BC9 /* SystemConfiguration.framework */; };
		6CFF29C01B19CF73005B1BC9 /* ImageIO.framework in Frameworks */ = {isa = PBXBuildFile; fileRef = 6CFF29BF1B19CF73005B1BC9 /* ImageIO.framework */; };
		6CFF29C21B19CF7B005B1BC9 /* CoreMotion.framework in Frameworks */ = {isa = PBXBuildFile; fileRef = 6CFF29C11B19CF7B005B1BC9 /* CoreMotion.framework */; };
		6CFF29C41B19CF82005B1BC9 /* libz.dylib in Frameworks */ = {isa = PBXBuildFile; fileRef = 6CFF29C31B19CF82005B1BC9 /* libz.dylib */; };
		6CFF29C61B19CF8B005B1BC9 /* libsqlite3.dylib in Frameworks */ = {isa = PBXBuildFile; fileRef = 6CFF29C51B19CF8B005B1BC9 /* libsqlite3.dylib */; };
		FF6CC0261B1831CA00A24C81 /* Service.m in Sources */ = {isa = PBXBuildFile; fileRef = FF6CC0251B1831CA00A24C81 /* Service.m */; };
		FF6CC02B1B18387F00A24C81 /* Model.m in Sources */ = {isa = PBXBuildFile; fileRef = FF6CC02A1B18387F00A24C81 /* Model.m */; };
		FFA443F41B1996C700A3E970 /* SetTableViewController.swift in Sources */ = {isa = PBXBuildFile; fileRef = FFA443F31B1996C700A3E970 /* SetTableViewController.swift */; };
		FFAA6D7E1B19592C00DE3679 /* TableViewController.swift in Sources */ = {isa = PBXBuildFile; fileRef = FFAA6D7D1B19592C00DE3679 /* TableViewController.swift */; };
		FFAA6D801B1960CA00DE3679 /* DetailViewController.swift in Sources */ = {isa = PBXBuildFile; fileRef = FFAA6D7F1B1960CA00DE3679 /* DetailViewController.swift */; };
		FFD900531B15A56000EE7B59 /* AppDelegate.swift in Sources */ = {isa = PBXBuildFile; fileRef = FFD900521B15A56000EE7B59 /* AppDelegate.swift */; };
		FFD900551B15A56000EE7B59 /* ViewController.swift in Sources */ = {isa = PBXBuildFile; fileRef = FFD900541B15A56000EE7B59 /* ViewController.swift */; };
		FFD900581B15A56000EE7B59 /* Main.storyboard in Resources */ = {isa = PBXBuildFile; fileRef = FFD900561B15A56000EE7B59 /* Main.storyboard */; };
		FFD9005A1B15A56000EE7B59 /* Images.xcassets in Resources */ = {isa = PBXBuildFile; fileRef = FFD900591B15A56000EE7B59 /* Images.xcassets */; };
		FFD9005D1B15A56000EE7B59 /* LaunchScreen.xib in Resources */ = {isa = PBXBuildFile; fileRef = FFD9005B1B15A56000EE7B59 /* LaunchScreen.xib */; };
		FFD900691B15A56000EE7B59 /* QMCollegeTests.swift in Sources */ = {isa = PBXBuildFile; fileRef = FFD900681B15A56000EE7B59 /* QMCollegeTests.swift */; };
/* End PBXBuildFile section */

/* Begin PBXContainerItemProxy section */
		FFD900631B15A56000EE7B59 /* PBXContainerItemProxy */ = {
			isa = PBXContainerItemProxy;
			containerPortal = FFD900451B15A56000EE7B59 /* Project object */;
			proxyType = 1;
			remoteGlobalIDString = FFD9004C1B15A56000EE7B59;
			remoteInfo = QMCollege;
		};
/* End PBXContainerItemProxy section */

/* Begin PBXFileReference section */
		2D1FA29F07159FDF667E514A /* Pods.release.xcconfig */ = {isa = PBXFileReference; includeInIndex = 1; lastKnownFileType = text.xcconfig; name = Pods.release.xcconfig; path = "Pods/Target Support Files/Pods/Pods.release.xcconfig"; sourceTree = "<group>"; };
		3DEF2EE13DD08C879FCB8CE5 /* Pods.debug.xcconfig */ = {isa = PBXFileReference; includeInIndex = 1; lastKnownFileType = text.xcconfig; name = Pods.debug.xcconfig; path = "Pods/Target Support Files/Pods/Pods.debug.xcconfig"; sourceTree = "<group>"; };
		6C68778F1B191B2F002481C0 /* CollegeModel.h */ = {isa = PBXFileReference; fileEncoding = 4; lastKnownFileType = sourcecode.c.h; path = CollegeModel.h; sourceTree = "<group>"; };
		6C6877901B191B2F002481C0 /* CollegeModel.m */ = {isa = PBXFileReference; fileEncoding = 4; lastKnownFileType = sourcecode.c.objc; path = CollegeModel.m; sourceTree = "<group>"; };
		6CFF29B21B19CF15005B1BC9 /* ConfigHeader.h */ = {isa = PBXFileReference; fileEncoding = 4; lastKnownFileType = sourcecode.c.h; path = ConfigHeader.h; sourceTree = "<group>"; };
		6CFF29B31B19CF15005B1BC9 /* symbols_spotconfuse.h */ = {isa = PBXFileReference; fileEncoding = 4; lastKnownFileType = sourcecode.c.h; path = symbols_spotconfuse.h; sourceTree = "<group>"; };
		6CFF29B41B19CF15005B1BC9 /* YouMiNewSpot.h */ = {isa = PBXFileReference; fileEncoding = 4; lastKnownFileType = sourcecode.c.h; path = YouMiNewSpot.h; sourceTree = "<group>"; };
		6CFF29B51B19CF15005B1BC9 /* youmispot.a */ = {isa = PBXFileReference; lastKnownFileType = archive.ar; path = youmispot.a; sourceTree = "<group>"; };
		6CFF29B71B19CF50005B1BC9 /* StoreKit.framework */ = {isa = PBXFileReference; lastKnownFileType = wrapper.framework; name = StoreKit.framework; path = System/Library/Frameworks/StoreKit.framework; sourceTree = SDKROOT; };
		6CFF29B91B19CF59005B1BC9 /* Security.framework */ = {isa = PBXFileReference; lastKnownFileType = wrapper.framework; name = Security.framework; path = System/Library/Frameworks/Security.framework; sourceTree = SDKROOT; };
		6CFF29BB1B19CF62005B1BC9 /* CFNetwork.framework */ = {isa = PBXFileReference; lastKnownFileType = wrapper.framework; name = CFNetwork.framework; path = System/Library/Frameworks/CFNetwork.framework; sourceTree = SDKROOT; };
		6CFF29BD1B19CF6B005B1BC9 /* SystemConfiguration.framework */ = {isa = PBXFileReference; lastKnownFileType = wrapper.framework; name = SystemConfiguration.framework; path = System/Library/Frameworks/SystemConfiguration.framework; sourceTree = SDKROOT; };
		6CFF29BF1B19CF73005B1BC9 /* ImageIO.framework */ = {isa = PBXFileReference; lastKnownFileType = wrapper.framework; name = ImageIO.framework; path = System/Library/Frameworks/ImageIO.framework; sourceTree = SDKROOT; };
		6CFF29C11B19CF7B005B1BC9 /* CoreMotion.framework */ = {isa = PBXFileReference; lastKnownFileType = wrapper.framework; name = CoreMotion.framework; path = System/Library/Frameworks/CoreMotion.framework; sourceTree = SDKROOT; };
		6CFF29C31B19CF82005B1BC9 /* libz.dylib */ = {isa = PBXFileReference; lastKnownFileType = "compiled.mach-o.dylib"; name = libz.dylib; path = usr/lib/libz.dylib; sourceTree = SDKROOT; };
		6CFF29C51B19CF8B005B1BC9 /* libsqlite3.dylib */ = {isa = PBXFileReference; lastKnownFileType = "compiled.mach-o.dylib"; name = libsqlite3.dylib; path = usr/lib/libsqlite3.dylib; sourceTree = SDKROOT; };
		F8D5EA93A325EE160EA6E2A0 /* libPods.a */ = {isa = PBXFileReference; explicitFileType = archive.ar; includeInIndex = 0; path = libPods.a; sourceTree = BUILT_PRODUCTS_DIR; };
		FF6CC0241B1831CA00A24C81 /* Service.h */ = {isa = PBXFileReference; fileEncoding = 4; lastKnownFileType = sourcecode.c.h; path = Service.h; sourceTree = "<group>"; };
		FF6CC0251B1831CA00A24C81 /* Service.m */ = {isa = PBXFileReference; fileEncoding = 4; lastKnownFileType = sourcecode.c.objc; path = Service.m; sourceTree = "<group>"; };
		FF6CC0291B18387F00A24C81 /* Model.h */ = {isa = PBXFileReference; fileEncoding = 4; lastKnownFileType = sourcecode.c.h; path = Model.h; sourceTree = "<group>"; };
		FF6CC02A1B18387F00A24C81 /* Model.m */ = {isa = PBXFileReference; fileEncoding = 4; lastKnownFileType = sourcecode.c.objc; path = Model.m; sourceTree = "<group>"; };
		FFA443F31B1996C700A3E970 /* SetTableViewController.swift */ = {isa = PBXFileReference; fileEncoding = 4; lastKnownFileType = sourcecode.swift; path = SetTableViewController.swift; sourceTree = "<group>"; };
		FFAA6D7D1B19592C00DE3679 /* TableViewController.swift */ = {isa = PBXFileReference; fileEncoding = 4; lastKnownFileType = sourcecode.swift; path = TableViewController.swift; sourceTree = "<group>"; };
		FFAA6D7F1B1960CA00DE3679 /* DetailViewController.swift */ = {isa = PBXFileReference; fileEncoding = 4; lastKnownFileType = sourcecode.swift; path = DetailViewController.swift; sourceTree = "<group>"; };
		FFD9004D1B15A56000EE7B59 /* QMCollege.app */ = {isa = PBXFileReference; explicitFileType = wrapper.application; includeInIndex = 0; path = QMCollege.app; sourceTree = BUILT_PRODUCTS_DIR; };
		FFD900511B15A56000EE7B59 /* Info.plist */ = {isa = PBXFileReference; lastKnownFileType = text.plist.xml; path = Info.plist; sourceTree = "<group>"; };
		FFD900521B15A56000EE7B59 /* AppDelegate.swift */ = {isa = PBXFileReference; lastKnownFileType = sourcecode.swift; path = AppDelegate.swift; sourceTree = "<group>"; };
		FFD900541B15A56000EE7B59 /* ViewController.swift */ = {isa = PBXFileReference; lastKnownFileType = sourcecode.swift; path = ViewController.swift; sourceTree = "<group>"; };
		FFD900571B15A56000EE7B59 /* Base */ = {isa = PBXFileReference; lastKnownFileType = file.storyboard; name = Base; path = Base.lproj/Main.storyboard; sourceTree = "<group>"; };
		FFD900591B15A56000EE7B59 /* Images.xcassets */ = {isa = PBXFileReference; lastKnownFileType = folder.assetcatalog; path = Images.xcassets; sourceTree = "<group>"; };
		FFD9005C1B15A56000EE7B59 /* Base */ = {isa = PBXFileReference; lastKnownFileType = file.xib; name = Base; path = Base.lproj/LaunchScreen.xib; sourceTree = "<group>"; };
		FFD900621B15A56000EE7B59 /* QMCollegeTests.xctest */ = {isa = PBXFileReference; explicitFileType = wrapper.cfbundle; includeInIndex = 0; path = QMCollegeTests.xctest; sourceTree = BUILT_PRODUCTS_DIR; };
		FFD900671B15A56000EE7B59 /* Info.plist */ = {isa = PBXFileReference; lastKnownFileType = text.plist.xml; path = Info.plist; sourceTree = "<group>"; };
		FFD900681B15A56000EE7B59 /* QMCollegeTests.swift */ = {isa = PBXFileReference; lastKnownFileType = sourcecode.swift; path = QMCollegeTests.swift; sourceTree = "<group>"; };
		FFD900721B15A6F200EE7B59 /* QMCollege-Bridging-Header.h */ = {isa = PBXFileReference; lastKnownFileType = sourcecode.c.h; path = "QMCollege-Bridging-Header.h"; sourceTree = "<group>"; };
/* End PBXFileReference section */

/* Begin PBXFrameworksBuildPhase section */
		FFD9004A1B15A56000EE7B59 /* Frameworks */ = {
			isa = PBXFrameworksBuildPhase;
			buildActionMask = 2147483647;
			files = (
				6CFF29C61B19CF8B005B1BC9 /* libsqlite3.dylib in Frameworks */,
				6CFF29C41B19CF82005B1BC9 /* libz.dylib in Frameworks */,
				6CFF29C21B19CF7B005B1BC9 /* CoreMotion.framework in Frameworks */,
				6CFF29C01B19CF73005B1BC9 /* ImageIO.framework in Frameworks */,
				6CFF29BE1B19CF6B005B1BC9 /* SystemConfiguration.framework in Frameworks */,
				6CFF29BC1B19CF62005B1BC9 /* CFNetwork.framework in Frameworks */,
				6CFF29BA1B19CF59005B1BC9 /* Security.framework in Frameworks */,
				6CFF29B81B19CF50005B1BC9 /* StoreKit.framework in Frameworks */,
				5608DC0A4FCE42B3A13F48E5 /* libPods.a in Frameworks */,
				6CFF29B61B19CF15005B1BC9 /* youmispot.a in Frameworks */,
			);
			runOnlyForDeploymentPostprocessing = 0;
		};
		FFD9005F1B15A56000EE7B59 /* Frameworks */ = {
			isa = PBXFrameworksBuildPhase;
			buildActionMask = 2147483647;
			files = (
			);
			runOnlyForDeploymentPostprocessing = 0;
		};
/* End PBXFrameworksBuildPhase section */

/* Begin PBXGroup section */
		27C2BEE4576977D05689C4CC /* Frameworks */ = {
			isa = PBXGroup;
			children = (
				6CFF29C51B19CF8B005B1BC9 /* libsqlite3.dylib */,
				6CFF29C31B19CF82005B1BC9 /* libz.dylib */,
				6CFF29C11B19CF7B005B1BC9 /* CoreMotion.framework */,
				6CFF29BF1B19CF73005B1BC9 /* ImageIO.framework */,
				6CFF29BD1B19CF6B005B1BC9 /* SystemConfiguration.framework */,
				6CFF29BB1B19CF62005B1BC9 /* CFNetwork.framework */,
				6CFF29B91B19CF59005B1BC9 /* Security.framework */,
				6CFF29B71B19CF50005B1BC9 /* StoreKit.framework */,
				F8D5EA93A325EE160EA6E2A0 /* libPods.a */,
			);
			name = Frameworks;
			sourceTree = "<group>";
		};
		6CFF29B01B19CF15005B1BC9 /* spotlib */ = {
			isa = PBXGroup;
			children = (
				6CFF29B11B19CF15005B1BC9 /* include */,
				6CFF29B51B19CF15005B1BC9 /* youmispot.a */,
			);
			path = spotlib;
			sourceTree = "<group>";
		};
		6CFF29B11B19CF15005B1BC9 /* include */ = {
			isa = PBXGroup;
			children = (
				6CFF29B21B19CF15005B1BC9 /* ConfigHeader.h */,
				6CFF29B31B19CF15005B1BC9 /* symbols_spotconfuse.h */,
				6CFF29B41B19CF15005B1BC9 /* YouMiNewSpot.h */,
			);
			path = include;
			sourceTree = "<group>";
		};
		9D71BE9F904CB9E34231D126 /* Pods */ = {
			isa = PBXGroup;
			children = (
				3DEF2EE13DD08C879FCB8CE5 /* Pods.debug.xcconfig */,
				2D1FA29F07159FDF667E514A /* Pods.release.xcconfig */,
			);
			name = Pods;
			sourceTree = "<group>";
		};
		FF6CC0271B18383D00A24C81 /* Model */ = {
			isa = PBXGroup;
			children = (
				FF6CC0291B18387F00A24C81 /* Model.h */,
				FF6CC02A1B18387F00A24C81 /* Model.m */,
				6C68778F1B191B2F002481C0 /* CollegeModel.h */,
				6C6877901B191B2F002481C0 /* CollegeModel.m */,
			);
			name = Model;
			sourceTree = "<group>";
		};
		FF6CC0281B18385800A24C81 /* OCHelp */ = {
			isa = PBXGroup;
			children = (
				6CFF29B01B19CF15005B1BC9 /* spotlib */,
				FF6CC0271B18383D00A24C81 /* Model */,
				FFD900781B15A75100EE7B59 /* Service */,
			);
			name = OCHelp;
			sourceTree = "<group>";
		};
		FFD900441B15A56000EE7B59 = {
			isa = PBXGroup;
			children = (
				FFD9004F1B15A56000EE7B59 /* QMCollege */,
				FFD900651B15A56000EE7B59 /* QMCollegeTests */,
				FFD9004E1B15A56000EE7B59 /* Products */,
				9D71BE9F904CB9E34231D126 /* Pods */,
				27C2BEE4576977D05689C4CC /* Frameworks */,
			);
			sourceTree = "<group>";
		};
		FFD9004E1B15A56000EE7B59 /* Products */ = {
			isa = PBXGroup;
			children = (
				FFD9004D1B15A56000EE7B59 /* QMCollege.app */,
				FFD900621B15A56000EE7B59 /* QMCollegeTests.xctest */,
			);
			name = Products;
			sourceTree = "<group>";
		};
		FFD9004F1B15A56000EE7B59 /* QMCollege */ = {
			isa = PBXGroup;
			children = (
				FFD900521B15A56000EE7B59 /* AppDelegate.swift */,
				FFD900541B15A56000EE7B59 /* ViewController.swift */,
				FFAA6D7F1B1960CA00DE3679 /* DetailViewController.swift */,
				FFA443F31B1996C700A3E970 /* SetTableViewController.swift */,
				FFAA6D7D1B19592C00DE3679 /* TableViewController.swift */,
				FF6CC0281B18385800A24C81 /* OCHelp */,
				FFD900561B15A56000EE7B59 /* Main.storyboard */,
				FFD900591B15A56000EE7B59 /* Images.xcassets */,
				FFD9005B1B15A56000EE7B59 /* LaunchScreen.xib */,
				FFD900501B15A56000EE7B59 /* Supporting Files */,
				FFD900721B15A6F200EE7B59 /* QMCollege-Bridging-Header.h */,
			);
			path = QMCollege;
			sourceTree = "<group>";
		};
		FFD900501B15A56000EE7B59 /* Supporting Files */ = {
			isa = PBXGroup;
			children = (
				FFD900511B15A56000EE7B59 /* Info.plist */,
			);
			name = "Supporting Files";
			sourceTree = "<group>";
		};
		FFD900651B15A56000EE7B59 /* QMCollegeTests */ = {
			isa = PBXGroup;
			children = (
				FFD900681B15A56000EE7B59 /* QMCollegeTests.swift */,
				FFD900661B15A56000EE7B59 /* Supporting Files */,
			);
			path = QMCollegeTests;
			sourceTree = "<group>";
		};
		FFD900661B15A56000EE7B59 /* Supporting Files */ = {
			isa = PBXGroup;
			children = (
				FFD900671B15A56000EE7B59 /* Info.plist */,
			);
			name = "Supporting Files";
			sourceTree = "<group>";
		};
		FFD900781B15A75100EE7B59 /* Service */ = {
			isa = PBXGroup;
			children = (
				FF6CC0241B1831CA00A24C81 /* Service.h */,
				FF6CC0251B1831CA00A24C81 /* Service.m */,
			);
			name = Service;
			sourceTree = "<group>";
		};
/* End PBXGroup section */

/* Begin PBXNativeTarget section */
		FFD9004C1B15A56000EE7B59 /* QMCollege */ = {
			isa = PBXNativeTarget;
			buildConfigurationList = FFD9006C1B15A56000EE7B59 /* Build configuration list for PBXNativeTarget "QMCollege" */;
			buildPhases = (
				B4A20ABE24039068BB07A899 /* Check Pods Manifest.lock */,
				FFD900491B15A56000EE7B59 /* Sources */,
				FFD9004A1B15A56000EE7B59 /* Frameworks */,
				FFD9004B1B15A56000EE7B59 /* Resources */,
				0A4266FF0FE87E624BE10548 /* Copy Pods Resources */,
			);
			buildRules = (
			);
			dependencies = (
			);
			name = QMCollege;
			productName = QMCollege;
			productReference = FFD9004D1B15A56000EE7B59 /* QMCollege.app */;
			productType = "com.apple.product-type.application";
		};
		FFD900611B15A56000EE7B59 /* QMCollegeTests */ = {
			isa = PBXNativeTarget;
			buildConfigurationList = FFD9006F1B15A56000EE7B59 /* Build configuration list for PBXNativeTarget "QMCollegeTests" */;
			buildPhases = (
				FFD9005E1B15A56000EE7B59 /* Sources */,
				FFD9005F1B15A56000EE7B59 /* Frameworks */,
				FFD900601B15A56000EE7B59 /* Resources */,
			);
			buildRules = (
			);
			dependencies = (
				FFD900641B15A56000EE7B59 /* PBXTargetDependency */,
			);
			name = QMCollegeTests;
			productName = QMCollegeTests;
			productReference = FFD900621B15A56000EE7B59 /* QMCollegeTests.xctest */;
			productType = "com.apple.product-type.bundle.unit-test";
		};
/* End PBXNativeTarget section */

/* Begin PBXProject section */
		FFD900451B15A56000EE7B59 /* Project object */ = {
			isa = PBXProject;
			attributes = {
				LastUpgradeCheck = 0630;
				ORGANIZATIONNAME = QiMENG;
				TargetAttributes = {
					FFD9004C1B15A56000EE7B59 = {
						CreatedOnToolsVersion = 6.3.1;
					};
					FFD900611B15A56000EE7B59 = {
						CreatedOnToolsVersion = 6.3.1;
						TestTargetID = FFD9004C1B15A56000EE7B59;
					};
				};
			};
			buildConfigurationList = FFD900481B15A56000EE7B59 /* Build configuration list for PBXProject "QMCollege" */;
			compatibilityVersion = "Xcode 3.2";
			developmentRegion = English;
			hasScannedForEncodings = 0;
			knownRegions = (
				en,
				Base,
			);
			mainGroup = FFD900441B15A56000EE7B59;
			productRefGroup = FFD9004E1B15A56000EE7B59 /* Products */;
			projectDirPath = "";
			projectRoot = "";
			targets = (
				FFD9004C1B15A56000EE7B59 /* QMCollege */,
				FFD900611B15A56000EE7B59 /* QMCollegeTests */,
			);
		};
/* End PBXProject section */

/* Begin PBXResourcesBuildPhase section */
		FFD9004B1B15A56000EE7B59 /* Resources */ = {
			isa = PBXResourcesBuildPhase;
			buildActionMask = 2147483647;
			files = (
				FFD900581B15A56000EE7B59 /* Main.storyboard in Resources */,
				FFD9005D1B15A56000EE7B59 /* LaunchScreen.xib in Resources */,
				FFD9005A1B15A56000EE7B59 /* Images.xcassets in Resources */,
			);
			runOnlyForDeploymentPostprocessing = 0;
		};
		FFD900601B15A56000EE7B59 /* Resources */ = {
			isa = PBXResourcesBuildPhase;
			buildActionMask = 2147483647;
			files = (
			);
			runOnlyForDeploymentPostprocessing = 0;
		};
/* End PBXResourcesBuildPhase section */

/* Begin PBXShellScriptBuildPhase section */
		0A4266FF0FE87E624BE10548 /* Copy Pods Resources */ = {
			isa = PBXShellScriptBuildPhase;
			buildActionMask = 2147483647;
			files = (
			);
			inputPaths = (
			);
			name = "Copy Pods Resources";
			outputPaths = (
			);
			runOnlyForDeploymentPostprocessing = 0;
			shellPath = /bin/sh;
			shellScript = "\"${SRCROOT}/Pods/Target Support Files/Pods/Pods-resources.sh\"\n";
			showEnvVarsInLog = 0;
		};
		B4A20ABE24039068BB07A899 /* Check Pods Manifest.lock */ = {
			isa = PBXShellScriptBuildPhase;
			buildActionMask = 2147483647;
			files = (
			);
			inputPaths = (
			);
			name = "Check Pods Manifest.lock";
			outputPaths = (
			);
			runOnlyForDeploymentPostprocessing = 0;
			shellPath = /bin/sh;
			shellScript = "diff \"${PODS_ROOT}/../Podfile.lock\" \"${PODS_ROOT}/Manifest.lock\" > /dev/null\nif [[ $? != 0 ]] ; then\n    cat << EOM\nerror: The sandbox is not in sync with the Podfile.lock. Run 'pod install' or update your CocoaPods installation.\nEOM\n    exit 1\nfi\n";
			showEnvVarsInLog = 0;
		};
/* End PBXShellScriptBuildPhase section */

/* Begin PBXSourcesBuildPhase section */
		FFD900491B15A56000EE7B59 /* Sources */ = {
			isa = PBXSourcesBuildPhase;
			buildActionMask = 2147483647;
			files = (
				6C6877911B191B2F002481C0 /* CollegeModel.m in Sources */,
				FFAA6D7E1B19592C00DE3679 /* TableViewController.swift in Sources */,
				FFA443F41B1996C700A3E970 /* SetTableViewController.swift in Sources */,
				FFD900551B15A56000EE7B59 /* ViewController.swift in Sources */,
				FFD900531B15A56000EE7B59 /* AppDelegate.swift in Sources */,
				FF6CC0261B1831CA00A24C81 /* Service.m in Sources */,
				FF6CC02B1B18387F00A24C81 /* Model.m in Sources */,
				FFAA6D801B1960CA00DE3679 /* DetailViewController.swift in Sources */,
			);
			runOnlyForDeploymentPostprocessing = 0;
		};
		FFD9005E1B15A56000EE7B59 /* Sources */ = {
			isa = PBXSourcesBuildPhase;
			buildActionMask = 2147483647;
			files = (
				FFD900691B15A56000EE7B59 /* QMCollegeTests.swift in Sources */,
			);
			runOnlyForDeploymentPostprocessing = 0;
		};
/* End PBXSourcesBuildPhase section */

/* Begin PBXTargetDependency section */
		FFD900641B15A56000EE7B59 /* PBXTargetDependency */ = {
			isa = PBXTargetDependency;
			target = FFD9004C1B15A56000EE7B59 /* QMCollege */;
			targetProxy = FFD900631B15A56000EE7B59 /* PBXContainerItemProxy */;
		};
/* End PBXTargetDependency section */

/* Begin PBXVariantGroup section */
		FFD900561B15A56000EE7B59 /* Main.storyboard */ = {
			isa = PBXVariantGroup;
			children = (
				FFD900571B15A56000EE7B59 /* Base */,
			);
			name = Main.storyboard;
			sourceTree = "<group>";
		};
		FFD9005B1B15A56000EE7B59 /* LaunchScreen.xib */ = {
			isa = PBXVariantGroup;
			children = (
				FFD9005C1B15A56000EE7B59 /* Base */,
			);
			name = LaunchScreen.xib;
			sourceTree = "<group>";
		};
/* End PBXVariantGroup section */

/* Begin XCBuildConfiguration section */
		FFD9006A1B15A56000EE7B59 /* Debug */ = {
			isa = XCBuildConfiguration;
			buildSettings = {
				ALWAYS_SEARCH_USER_PATHS = NO;
				CLANG_CXX_LANGUAGE_STANDARD = "gnu++0x";
				CLANG_CXX_LIBRARY = "libc++";
				CLANG_ENABLE_MODULES = YES;
				CLANG_ENABLE_OBJC_ARC = YES;
				CLANG_WARN_BOOL_CONVERSION = YES;
				CLANG_WARN_CONSTANT_CONVERSION = YES;
				CLANG_WARN_DIRECT_OBJC_ISA_USAGE = YES_ERROR;
				CLANG_WARN_EMPTY_BODY = YES;
				CLANG_WARN_ENUM_CONVERSION = YES;
				CLANG_WARN_INT_CONVERSION = YES;
				CLANG_WARN_OBJC_ROOT_CLASS = YES_ERROR;
				CLANG_WARN_UNREACHABLE_CODE = YES;
				CLANG_WARN__DUPLICATE_METHOD_MATCH = YES;
				CODE_SIGN_IDENTITY = "iPhone Distribution: yongsheng liu (K6D5KQ7QKW)";
				"CODE_SIGN_IDENTITY[sdk=iphoneos*]" = "iPhone Distribution: yongsheng liu (K6D5KQ7QKW)";
				COPY_PHASE_STRIP = NO;
				DEBUG_INFORMATION_FORMAT = "dwarf-with-dsym";
				ENABLE_STRICT_OBJC_MSGSEND = YES;
				GCC_C_LANGUAGE_STANDARD = gnu99;
				GCC_DYNAMIC_NO_PIC = NO;
				GCC_NO_COMMON_BLOCKS = YES;
				GCC_OPTIMIZATION_LEVEL = 0;
				GCC_PREPROCESSOR_DEFINITIONS = (
					"DEBUG=1",
					"$(inherited)",
				);
				GCC_SYMBOLS_PRIVATE_EXTERN = NO;
				GCC_WARN_64_TO_32_BIT_CONVERSION = YES;
				GCC_WARN_ABOUT_RETURN_TYPE = YES_ERROR;
				GCC_WARN_UNDECLARED_SELECTOR = YES;
				GCC_WARN_UNINITIALIZED_AUTOS = YES_AGGRESSIVE;
				GCC_WARN_UNUSED_FUNCTION = YES;
				GCC_WARN_UNUSED_VARIABLE = YES;
				IPHONEOS_DEPLOYMENT_TARGET = 8.3;
				MTL_ENABLE_DEBUG_INFO = YES;
				ONLY_ACTIVE_ARCH = YES;
				PROVISIONING_PROFILE = "5f3be61d-1af4-421b-8253-43af667b6fc2";
				SDKROOT = iphoneos;
				SWIFT_OPTIMIZATION_LEVEL = "-Onone";
				TARGETED_DEVICE_FAMILY = "1,2";
			};
			name = Debug;
		};
		FFD9006B1B15A56000EE7B59 /* Release */ = {
			isa = XCBuildConfiguration;
			buildSettings = {
				ALWAYS_SEARCH_USER_PATHS = NO;
				CLANG_CXX_LANGUAGE_STANDARD = "gnu++0x";
				CLANG_CXX_LIBRARY = "libc++";
				CLANG_ENABLE_MODULES = YES;
				CLANG_ENABLE_OBJC_ARC = YES;
				CLANG_WARN_BOOL_CONVERSION = YES;
				CLANG_WARN_CONSTANT_CONVERSION = YES;
				CLANG_WARN_DIRECT_OBJC_ISA_USAGE = YES_ERROR;
				CLANG_WARN_EMPTY_BODY = YES;
				CLANG_WARN_ENUM_CONVERSION = YES;
				CLANG_WARN_INT_CONVERSION = YES;
				CLANG_WARN_OBJC_ROOT_CLASS = YES_ERROR;
				CLANG_WARN_UNREACHABLE_CODE = YES;
				CLANG_WARN__DUPLICATE_METHOD_MATCH = YES;
				CODE_SIGN_IDENTITY = "iPhone Distribution: yongsheng liu (K6D5KQ7QKW)";
				"CODE_SIGN_IDENTITY[sdk=iphoneos*]" = "iPhone Distribution: yongsheng liu (K6D5KQ7QKW)";
				COPY_PHASE_STRIP = NO;
				DEBUG_INFORMATION_FORMAT = "dwarf-with-dsym";
				ENABLE_NS_ASSERTIONS = NO;
				ENABLE_STRICT_OBJC_MSGSEND = YES;
				GCC_C_LANGUAGE_STANDARD = gnu99;
				GCC_NO_COMMON_BLOCKS = YES;
				GCC_WARN_64_TO_32_BIT_CONVERSION = YES;
				GCC_WARN_ABOUT_RETURN_TYPE = YES_ERROR;
				GCC_WARN_UNDECLARED_SELECTOR = YES;
				GCC_WARN_UNINITIALIZED_AUTOS = YES_AGGRESSIVE;
				GCC_WARN_UNUSED_FUNCTION = YES;
				GCC_WARN_UNUSED_VARIABLE = YES;
				IPHONEOS_DEPLOYMENT_TARGET = 8.3;
				MTL_ENABLE_DEBUG_INFO = NO;
				PROVISIONING_PROFILE = "5f3be61d-1af4-421b-8253-43af667b6fc2";
				SDKROOT = iphoneos;
				TARGETED_DEVICE_FAMILY = "1,2";
				VALIDATE_PRODUCT = YES;
			};
			name = Release;
		};
		FFD9006D1B15A56000EE7B59 /* Debug */ = {
			isa = XCBuildConfiguration;
			baseConfigurationReference = 3DEF2EE13DD08C879FCB8CE5 /* Pods.debug.xcconfig */;
			buildSettings = {
				ASSETCATALOG_COMPILER_APPICON_NAME = AppIcon;
				ASSETCATALOG_COMPILER_LAUNCHIMAGE_NAME = LaunchImage;
				CLANG_ENABLE_MODULES = YES;
				CODE_SIGN_IDENTITY = "iPhone Distribution: yongsheng liu (K6D5KQ7QKW)";
				INFOPLIST_FILE = QMCollege/Info.plist;
				IPHONEOS_DEPLOYMENT_TARGET = 7.0;
				LD_RUNPATH_SEARCH_PATHS = "$(inherited) @executable_path/Frameworks";
				LIBRARY_SEARCH_PATHS = (
					"$(inherited)",
					"$(PROJECT_DIR)/QMCollege/spotlib",
				);
				PRODUCT_NAME = "$(TARGET_NAME)";
				PROVISIONING_PROFILE = "5f3be61d-1af4-421b-8253-43af667b6fc2";
				SWIFT_OBJC_BRIDGING_HEADER = "QMCollege/QMCollege-Bridging-Header.h";
				SWIFT_OPTIMIZATION_LEVEL = "-Onone";
			};
			name = Debug;
		};
		FFD9006E1B15A56000EE7B59 /* Release */ = {
			isa = XCBuildConfiguration;
			baseConfigurationReference = 2D1FA29F07159FDF667E514A /* Pods.release.xcconfig */;
			buildSettings = {
				ASSETCATALOG_COMPILER_APPICON_NAME = AppIcon;
				ASSETCATALOG_COMPILER_LAUNCHIMAGE_NAME = LaunchImage;
				CLANG_ENABLE_MODULES = YES;
				CODE_SIGN_IDENTITY = "iPhone Distribution: yongsheng liu (K6D5KQ7QKW)";
				INFOPLIST_FILE = QMCollege/Info.plist;
				IPHONEOS_DEPLOYMENT_TARGET = 7.0;
				LD_RUNPATH_SEARCH_PATHS = "$(inherited) @executable_path/Frameworks";
				LIBRARY_SEARCH_PATHS = (
					"$(inherited)",
					"$(PROJECT_DIR)/QMCollege/spotlib",
				);
				PRODUCT_NAME = "$(TARGET_NAME)";
				PROVISIONING_PROFILE = "5f3be61d-1af4-421b-8253-43af667b6fc2";
				SWIFT_OBJC_BRIDGING_HEADER = "QMCollege/QMCollege-Bridging-Header.h";
			};
			name = Release;
		};
		FFD900701B15A56000EE7B59 /* Debug */ = {
			isa = XCBuildConfiguration;
			buildSettings = {
				BUNDLE_LOADER = "$(TEST_HOST)";
				FRAMEWORK_SEARCH_PATHS = (
					"$(SDKROOT)/Developer/Library/Frameworks",
					"$(inherited)",
				);
				GCC_PREPROCESSOR_DEFINITIONS = (
					"DEBUG=1",
					"$(inherited)",
				);
				INFOPLIST_FILE = QMCollegeTests/Info.plist;
				LD_RUNPATH_SEARCH_PATHS = "$(inherited) @executable_path/Frameworks @loader_path/Frameworks";
				PRODUCT_NAME = "$(TARGET_NAME)";
				TEST_HOST = "$(BUILT_PRODUCTS_DIR)/QMCollege.app/QMCollege";
			};
			name = Debug;
		};
		FFD900711B15A56000EE7B59 /* Release */ = {
			isa = XCBuildConfiguration;
			buildSettings = {
				BUNDLE_LOADER = "$(TEST_HOST)";
				FRAMEWORK_SEARCH_PATHS = (
					"$(SDKROOT)/Developer/Library/Frameworks",
					"$(inherited)",
				);
				INFOPLIST_FILE = QMCollegeTests/Info.plist;
				LD_RUNPATH_SEARCH_PATHS = "$(inherited) @executable_path/Frameworks @loader_path/Frameworks";
				PRODUCT_NAME = "$(TARGET_NAME)";
				TEST_HOST = "$(BUILT_PRODUCTS_DIR)/QMCollege.app/QMCollege";
			};
			name = Release;
		};
/* End XCBuildConfiguration section */

/* Begin XCConfigurationList section */
		FFD900481B15A56000EE7B59 /* Build configuration list for PBXProject "QMCollege" */ = {
			isa = XCConfigurationList;
			buildConfigurations = (
				FFD9006A1B15A56000EE7B59 /* Debug */,
				FFD9006B1B15A56000EE7B59 /* Release */,
			);
			defaultConfigurationIsVisible = 0;
			defaultConfigurationName = Release;
		};
		FFD9006C1B15A56000EE7B59 /* Build configuration list for PBXNativeTarget "QMCollege" */ = {
			isa = XCConfigurationList;
			buildConfigurations = (
				FFD9006D1B15A56000EE7B59 /* Debug */,
				FFD9006E1B15A56000EE7B59 /* Release */,
			);
			defaultConfigurationIsVisible = 0;
			defaultConfigurationName = Release;
		};
		FFD9006F1B15A56000EE7B59 /* Build configuration list for PBXNativeTarget "QMCollegeTests" */ = {
			isa = XCConfigurationList;
			buildConfigurations = (
				FFD900701B15A56000EE7B59 /* Debug */,
				FFD900711B15A56000EE7B59 /* Release */,
			);
			defaultConfigurationIsVisible = 0;
			defaultConfigurationName = Release;
		};
/* End XCConfigurationList section */
	};
	rootObject = FFD900451B15A56000EE7B59 /* Project object */;
}
